// !$*UTF8*$!
{
	archiveVersion = 1;
	classes = {
	};
	objectVersion = 56;
	objects = {

/* Begin PBXBuildFile section */
		1953DAB12B59998D00EC927A /* UserAPIDelegate.swift in Sources */ = {isa = PBXBuildFile; fileRef = 1953DAB02B59998D00EC927A /* UserAPIDelegate.swift */; };
		1966675A2B31D0BF0075F86E /* AppDelegate.swift in Sources */ = {isa = PBXBuildFile; fileRef = 196667592B31D0BF0075F86E /* AppDelegate.swift */; };
		1966675C2B31D0BF0075F86E /* SceneDelegate.swift in Sources */ = {isa = PBXBuildFile; fileRef = 1966675B2B31D0BF0075F86E /* SceneDelegate.swift */; };
		1966675E2B31D0BF0075F86E /* UserViewController.swift in Sources */ = {isa = PBXBuildFile; fileRef = 1966675D2B31D0BF0075F86E /* UserViewController.swift */; };
		196667612B31D0BF0075F86E /* Main.storyboard in Resources */ = {isa = PBXBuildFile; fileRef = 1966675F2B31D0BF0075F86E /* Main.storyboard */; };
		196667632B31D0C10075F86E /* Assets.xcassets in Resources */ = {isa = PBXBuildFile; fileRef = 196667622B31D0C10075F86E /* Assets.xcassets */; };
		196667662B31D0C10075F86E /* LaunchScreen.storyboard in Resources */ = {isa = PBXBuildFile; fileRef = 196667642B31D0C10075F86E /* LaunchScreen.storyboard */; };
		19E989DA2B3205A600918D8C /* Config.swift in Sources */ = {isa = PBXBuildFile; fileRef = 19E989D92B3205A600918D8C /* Config.swift */; };
		19E989DC2B3206BE00918D8C /* UserModel.swift in Sources */ = {isa = PBXBuildFile; fileRef = 19E989DB2B3206BE00918D8C /* UserModel.swift */; };
		19E989DE2B3206C700918D8C /* UserOrchestrator.swift in Sources */ = {isa = PBXBuildFile; fileRef = 19E989DD2B3206C700918D8C /* UserOrchestrator.swift */; };
		19E989E02B3206D000918D8C /* UserViewDelegate.swift in Sources */ = {isa = PBXBuildFile; fileRef = 19E989DF2B3206D000918D8C /* UserViewDelegate.swift */; };
		19E989E22B3206DB00918D8C /* UserAPIRouter.swift in Sources */ = {isa = PBXBuildFile; fileRef = 19E989E12B3206DB00918D8C /* UserAPIRouter.swift */; };
		19E989E42B3206E200918D8C /* UserAPIManager.swift in Sources */ = {isa = PBXBuildFile; fileRef = 19E989E32B3206E200918D8C /* UserAPIManager.swift */; };
		19E989EC2B32076800918D8C /* UserOrchestratorDelegate.swift in Sources */ = {isa = PBXBuildFile; fileRef = 19E989EB2B32076800918D8C /* UserOrchestratorDelegate.swift */; };
/* End PBXBuildFile section */

/* Begin PBXFileReference section */
		1953DAB02B59998D00EC927A /* UserAPIDelegate.swift */ = {isa = PBXFileReference; lastKnownFileType = sourcecode.swift; path = UserAPIDelegate.swift; sourceTree = "<group>"; };
		196667562B31D0BF0075F86E /* MODAV2 UIKit.app */ = {isa = PBXFileReference; explicitFileType = wrapper.application; includeInIndex = 0; path = "MODAV2 UIKit.app"; sourceTree = BUILT_PRODUCTS_DIR; };
		196667592B31D0BF0075F86E /* AppDelegate.swift */ = {isa = PBXFileReference; lastKnownFileType = sourcecode.swift; path = AppDelegate.swift; sourceTree = "<group>"; };
		1966675B2B31D0BF0075F86E /* SceneDelegate.swift */ = {isa = PBXFileReference; lastKnownFileType = sourcecode.swift; path = SceneDelegate.swift; sourceTree = "<group>"; };
		1966675D2B31D0BF0075F86E /* UserViewController.swift */ = {isa = PBXFileReference; lastKnownFileType = sourcecode.swift; path = UserViewController.swift; sourceTree = "<group>"; };
		196667602B31D0BF0075F86E /* Base */ = {isa = PBXFileReference; lastKnownFileType = file.storyboard; name = Base; path = Base.lproj/Main.storyboard; sourceTree = "<group>"; };
		196667622B31D0C10075F86E /* Assets.xcassets */ = {isa = PBXFileReference; lastKnownFileType = folder.assetcatalog; path = Assets.xcassets; sourceTree = "<group>"; };
		196667652B31D0C10075F86E /* Base */ = {isa = PBXFileReference; lastKnownFileType = file.storyboard; name = Base; path = Base.lproj/LaunchScreen.storyboard; sourceTree = "<group>"; };
		196667672B31D0C10075F86E /* Info.plist */ = {isa = PBXFileReference; lastKnownFileType = text.plist.xml; path = Info.plist; sourceTree = "<group>"; };
		19E989D92B3205A600918D8C /* Config.swift */ = {isa = PBXFileReference; lastKnownFileType = sourcecode.swift; path = Config.swift; sourceTree = "<group>"; };
		19E989DB2B3206BE00918D8C /* UserModel.swift */ = {isa = PBXFileReference; lastKnownFileType = sourcecode.swift; path = UserModel.swift; sourceTree = "<group>"; };
		19E989DD2B3206C700918D8C /* UserOrchestrator.swift */ = {isa = PBXFileReference; lastKnownFileType = sourcecode.swift; path = UserOrchestrator.swift; sourceTree = "<group>"; };
		19E989DF2B3206D000918D8C /* UserViewDelegate.swift */ = {isa = PBXFileReference; lastKnownFileType = sourcecode.swift; path = UserViewDelegate.swift; sourceTree = "<group>"; };
		19E989E12B3206DB00918D8C /* UserAPIRouter.swift */ = {isa = PBXFileReference; lastKnownFileType = sourcecode.swift; path = UserAPIRouter.swift; sourceTree = "<group>"; };
		19E989E32B3206E200918D8C /* UserAPIManager.swift */ = {isa = PBXFileReference; lastKnownFileType = sourcecode.swift; path = UserAPIManager.swift; sourceTree = "<group>"; };
		19E989EB2B32076800918D8C /* UserOrchestratorDelegate.swift */ = {isa = PBXFileReference; lastKnownFileType = sourcecode.swift; path = UserOrchestratorDelegate.swift; sourceTree = "<group>"; };
/* End PBXFileReference section */

/* Begin PBXFrameworksBuildPhase section */
		196667532B31D0BF0075F86E /* Frameworks */ = {
			isa = PBXFrameworksBuildPhase;
			buildActionMask = 2147483647;
			files = (
			);
			runOnlyForDeploymentPostprocessing = 0;
		};
/* End PBXFrameworksBuildPhase section */

/* Begin PBXGroup section */
		1966674D2B31D0BF0075F86E = {
			isa = PBXGroup;
			children = (
				196667582B31D0BF0075F86E /* MODAV2 UIKit */,
				196667572B31D0BF0075F86E /* Products */,
			);
			sourceTree = "<group>";
		};
		196667572B31D0BF0075F86E /* Products */ = {
			isa = PBXGroup;
			children = (
				196667562B31D0BF0075F86E /* MODAV2 UIKit.app */,
			);
			name = Products;
			sourceTree = "<group>";
		};
		196667582B31D0BF0075F86E /* MODAV2 UIKit */ = {
			isa = PBXGroup;
			children = (
				196667592B31D0BF0075F86E /* AppDelegate.swift */,
				1966675B2B31D0BF0075F86E /* SceneDelegate.swift */,
				19E989D92B3205A600918D8C /* Config.swift */,
				19E989E62B32073900918D8C /* Model */,
				19E989E72B32073E00918D8C /* Orchestrator */,
				19E989E82B32074700918D8C /* Delegate */,
				19E989E92B32074E00918D8C /* Adapter (API) */,
				19E989EA2B32075800918D8C /* View */,
				1966675F2B31D0BF0075F86E /* Main.storyboard */,
				196667622B31D0C10075F86E /* Assets.xcassets */,
				196667642B31D0C10075F86E /* LaunchScreen.storyboard */,
				196667672B31D0C10075F86E /* Info.plist */,
			);
			path = "MODAV2 UIKit";
			sourceTree = "<group>";
		};
		19E989E62B32073900918D8C /* Model */ = {
			isa = PBXGroup;
			children = (
				19E989DB2B3206BE00918D8C /* UserModel.swift */,
			);
			path = Model;
			sourceTree = "<group>";
		};
		19E989E72B32073E00918D8C /* Orchestrator */ = {
			isa = PBXGroup;
			children = (
				19E989DD2B3206C700918D8C /* UserOrchestrator.swift */,
			);
			path = Orchestrator;
			sourceTree = "<group>";
		};
		19E989E82B32074700918D8C /* Delegate */ = {
			isa = PBXGroup;
			children = (
				19E989EB2B32076800918D8C /* UserOrchestratorDelegate.swift */,
				19E989DF2B3206D000918D8C /* UserViewDelegate.swift */,
				1953DAB02B59998D00EC927A /* UserAPIDelegate.swift */,
			);
			path = Delegate;
			sourceTree = "<group>";
		};
		19E989E92B32074E00918D8C /* Adapter (API) */ = {
			isa = PBXGroup;
			children = (
				19E989E12B3206DB00918D8C /* UserAPIRouter.swift */,
				19E989E32B3206E200918D8C /* UserAPIManager.swift */,
			);
			path = "Adapter (API)";
			sourceTree = "<group>";
		};
		19E989EA2B32075800918D8C /* View */ = {
			isa = PBXGroup;
			children = (
				1966675D2B31D0BF0075F86E /* UserViewController.swift */,
			);
			path = View;
			sourceTree = "<group>";
		};
/* End PBXGroup section */

/* Begin PBXNativeTarget section */
		196667552B31D0BF0075F86E /* MODAV2 UIKit */ = {
			isa = PBXNativeTarget;
			buildConfigurationList = 1966676A2B31D0C10075F86E /* Build configuration list for PBXNativeTarget "MODAV2 UIKit" */;
			buildPhases = (
				196667522B31D0BF0075F86E /* Sources */,
				196667532B31D0BF0075F86E /* Frameworks */,
				196667542B31D0BF0075F86E /* Resources */,
			);
			buildRules = (
			);
			dependencies = (
			);
			name = "MODAV2 UIKit";
			productName = "MODAV2 UIKit";
			productReference = 196667562B31D0BF0075F86E /* MODAV2 UIKit.app */;
			productType = "com.apple.product-type.application";
		};
/* End PBXNativeTarget section */

/* Begin PBXProject section */
		1966674E2B31D0BF0075F86E /* Project object */ = {
			isa = PBXProject;
			attributes = {
				BuildIndependentTargetsInParallel = 1;
				LastSwiftUpdateCheck = 1500;
				LastUpgradeCheck = 1500;
				TargetAttributes = {
					196667552B31D0BF0075F86E = {
						CreatedOnToolsVersion = 15.0.1;
					};
				};
			};
			buildConfigurationList = 196667512B31D0BF0075F86E /* Build configuration list for PBXProject "MODAV2 UIKit" */;
			compatibilityVersion = "Xcode 14.0";
			developmentRegion = en;
			hasScannedForEncodings = 0;
			knownRegions = (
				en,
				Base,
			);
			mainGroup = 1966674D2B31D0BF0075F86E;
			productRefGroup = 196667572B31D0BF0075F86E /* Products */;
			projectDirPath = "";
			projectRoot = "";
			targets = (
				196667552B31D0BF0075F86E /* MODAV2 UIKit */,
			);
		};
/* End PBXProject section */

/* Begin PBXResourcesBuildPhase section */
		196667542B31D0BF0075F86E /* Resources */ = {
			isa = PBXResourcesBuildPhase;
			buildActionMask = 2147483647;
			files = (
				196667662B31D0C10075F86E /* LaunchScreen.storyboard in Resources */,
				196667632B31D0C10075F86E /* Assets.xcassets in Resources */,
				196667612B31D0BF0075F86E /* Main.storyboard in Resources */,
			);
			runOnlyForDeploymentPostprocessing = 0;
		};
/* End PBXResourcesBuildPhase section */

/* Begin PBXSourcesBuildPhase section */
		196667522B31D0BF0075F86E /* Sources */ = {
			isa = PBXSourcesBuildPhase;
			buildActionMask = 2147483647;
			files = (
				19E989E22B3206DB00918D8C /* UserAPIRouter.swift in Sources */,
				19E989EC2B32076800918D8C /* UserOrchestratorDelegate.swift in Sources */,
				1966675E2B31D0BF0075F86E /* UserViewController.swift in Sources */,
				19E989DA2B3205A600918D8C /* Config.swift in Sources */,
				1966675A2B31D0BF0075F86E /* AppDelegate.swift in Sources */,
				19E989DC2B3206BE00918D8C /* UserModel.swift in Sources */,
				19E989DE2B3206C700918D8C /* UserOrchestrator.swift in Sources */,
				19E989E42B3206E200918D8C /* UserAPIManager.swift in Sources */,
				1953DAB12B59998D00EC927A /* UserAPIDelegate.swift in Sources */,
				19E989E02B3206D000918D8C /* UserViewDelegate.swift in Sources */,
				1966675C2B31D0BF0075F86E /* SceneDelegate.swift in Sources */,
			);
			runOnlyForDeploymentPostprocessing = 0;
		};
/* End PBXSourcesBuildPhase section */

/* Begin PBXVariantGroup section */
		1966675F2B31D0BF0075F86E /* Main.storyboard */ = {
			isa = PBXVariantGroup;
			children = (
				196667602B31D0BF0075F86E /* Base */,
			);
			name = Main.storyboard;
			sourceTree = "<group>";
		};
		196667642B31D0C10075F86E /* LaunchScreen.storyboard */ = {
			isa = PBXVariantGroup;
			children = (
				196667652B31D0C10075F86E /* Base */,
			);
			name = LaunchScreen.storyboard;
			sourceTree = "<group>";
		};
/* End PBXVariantGroup section */

/* Begin XCBuildConfiguration section */
		196667682B31D0C10075F86E /* Debug */ = {
			isa = XCBuildConfiguration;
			buildSettings = {
				ALWAYS_SEARCH_USER_PATHS = NO;
				ASSETCATALOG_COMPILER_GENERATE_SWIFT_ASSET_SYMBOL_EXTENSIONS = YES;
				CLANG_ANALYZER_NONNULL = YES;
				CLANG_ANALYZER_NUMBER_OBJECT_CONVERSION = YES_AGGRESSIVE;
				CLANG_CXX_LANGUAGE_STANDARD = "gnu++20";
				CLANG_ENABLE_MODULES = YES;
				CLANG_ENABLE_OBJC_ARC = YES;
				CLANG_ENABLE_OBJC_WEAK = YES;
				CLANG_WARN_BLOCK_CAPTURE_AUTORELEASING = YES;
				CLANG_WARN_BOOL_CONVERSION = YES;
				CLANG_WARN_COMMA = YES;
				CLANG_WARN_CONSTANT_CONVERSION = YES;
				CLANG_WARN_DEPRECATED_OBJC_IMPLEMENTATIONS = YES;
				CLANG_WARN_DIRECT_OBJC_ISA_USAGE = YES_ERROR;
				CLANG_WARN_DOCUMENTATION_COMMENTS = YES;
				CLANG_WARN_EMPTY_BODY = YES;
				CLANG_WARN_ENUM_CONVERSION = YES;
				CLANG_WARN_INFINITE_RECURSION = YES;
				CLANG_WARN_INT_CONVERSION = YES;
				CLANG_WARN_NON_LITERAL_NULL_CONVERSION = YES;
				CLANG_WARN_OBJC_IMPLICIT_RETAIN_SELF = YES;
				CLANG_WARN_OBJC_LITERAL_CONVERSION = YES;
				CLANG_WARN_OBJC_ROOT_CLASS = YES_ERROR;
				CLANG_WARN_QUOTED_INCLUDE_IN_FRAMEWORK_HEADER = YES;
				CLANG_WARN_RANGE_LOOP_ANALYSIS = YES;
				CLANG_WARN_STRICT_PROTOTYPES = YES;
				CLANG_WARN_SUSPICIOUS_MOVE = YES;
				CLANG_WARN_UNGUARDED_AVAILABILITY = YES_AGGRESSIVE;
				CLANG_WARN_UNREACHABLE_CODE = YES;
				CLANG_WARN__DUPLICATE_METHOD_MATCH = YES;
				COPY_PHASE_STRIP = NO;
				DEBUG_INFORMATION_FORMAT = dwarf;
				ENABLE_STRICT_OBJC_MSGSEND = YES;
				ENABLE_TESTABILITY = YES;
				ENABLE_USER_SCRIPT_SANDBOXING = YES;
				GCC_C_LANGUAGE_STANDARD = gnu17;
				GCC_DYNAMIC_NO_PIC = NO;
				GCC_NO_COMMON_BLOCKS = YES;
				GCC_OPTIMIZATION_LEVEL = 0;
				GCC_PREPROCESSOR_DEFINITIONS = (
					"DEBUG=1",
					"$(inherited)",
				);
				GCC_WARN_64_TO_32_BIT_CONVERSION = YES;
				GCC_WARN_ABOUT_RETURN_TYPE = YES_ERROR;
				GCC_WARN_UNDECLARED_SELECTOR = YES;
				GCC_WARN_UNINITIALIZED_AUTOS = YES_AGGRESSIVE;
				GCC_WARN_UNUSED_FUNCTION = YES;
				GCC_WARN_UNUSED_VARIABLE = YES;
				IPHONEOS_DEPLOYMENT_TARGET = 17.0;
				LOCALIZATION_PREFERS_STRING_CATALOGS = YES;
				MTL_ENABLE_DEBUG_INFO = INCLUDE_SOURCE;
				MTL_FAST_MATH = YES;
				ONLY_ACTIVE_ARCH = YES;
				SDKROOT = iphoneos;
				SWIFT_ACTIVE_COMPILATION_CONDITIONS = "DEBUG $(inherited)";
				SWIFT_OPTIMIZATION_LEVEL = "-Onone";
			};
			name = Debug;
		};
		196667692B31D0C10075F86E /* Release */ = {
			isa = XCBuildConfiguration;
			buildSettings = {
				ALWAYS_SEARCH_USER_PATHS = NO;
				ASSETCATALOG_COMPILER_GENERATE_SWIFT_ASSET_SYMBOL_EXTENSIONS = YES;
				CLANG_ANALYZER_NONNULL = YES;
				CLANG_ANALYZER_NUMBER_OBJECT_CONVERSION = YES_AGGRESSIVE;
				CLANG_CXX_LANGUAGE_STANDARD = "gnu++20";
				CLANG_ENABLE_MODULES = YES;
				CLANG_ENABLE_OBJC_ARC = YES;
				CLANG_ENABLE_OBJC_WEAK = YES;
				CLANG_WARN_BLOCK_CAPTURE_AUTORELEASING = YES;
				CLANG_WARN_BOOL_CONVERSION = YES;
				CLANG_WARN_COMMA = YES;
				CLANG_WARN_CONSTANT_CONVERSION = YES;
				CLANG_WARN_DEPRECATED_OBJC_IMPLEMENTATIONS = YES;
				CLANG_WARN_DIRECT_OBJC_ISA_USAGE = YES_ERROR;
				CLANG_WARN_DOCUMENTATION_COMMENTS = YES;
				CLANG_WARN_EMPTY_BODY = YES;
				CLANG_WARN_ENUM_CONVERSION = YES;
				CLANG_WARN_INFINITE_RECURSION = YES;
				CLANG_WARN_INT_CONVERSION = YES;
				CLANG_WARN_NON_LITERAL_NULL_CONVERSION = YES;
				CLANG_WARN_OBJC_IMPLICIT_RETAIN_SELF = YES;
				CLANG_WARN_OBJC_LITERAL_CONVERSION = YES;
				CLANG_WARN_OBJC_ROOT_CLASS = YES_ERROR;
				CLANG_WARN_QUOTED_INCLUDE_IN_FRAMEWORK_HEADER = YES;
				CLANG_WARN_RANGE_LOOP_ANALYSIS = YES;
				CLANG_WARN_STRICT_PROTOTYPES = YES;
				CLANG_WARN_SUSPICIOUS_MOVE = YES;
				CLANG_WARN_UNGUARDED_AVAILABILITY = YES_AGGRESSIVE;
				CLANG_WARN_UNREACHABLE_CODE = YES;
				CLANG_WARN__DUPLICATE_METHOD_MATCH = YES;
				COPY_PHASE_STRIP = NO;
				DEBUG_INFORMATION_FORMAT = "dwarf-with-dsym";
				ENABLE_NS_ASSERTIONS = NO;
				ENABLE_STRICT_OBJC_MSGSEND = YES;
				ENABLE_USER_SCRIPT_SANDBOXING = YES;
				GCC_C_LANGUAGE_STANDARD = gnu17;
				GCC_NO_COMMON_BLOCKS = YES;
				GCC_WARN_64_TO_32_BIT_CONVERSION = YES;
				GCC_WARN_ABOUT_RETURN_TYPE = YES_ERROR;
				GCC_WARN_UNDECLARED_SELECTOR = YES;
				GCC_WARN_UNINITIALIZED_AUTOS = YES_AGGRESSIVE;
				GCC_WARN_UNUSED_FUNCTION = YES;
				GCC_WARN_UNUSED_VARIABLE = YES;
				IPHONEOS_DEPLOYMENT_TARGET = 17.0;
				LOCALIZATION_PREFERS_STRING_CATALOGS = YES;
				MTL_ENABLE_DEBUG_INFO = NO;
				MTL_FAST_MATH = YES;
				SDKROOT = iphoneos;
				SWIFT_COMPILATION_MODE = wholemodule;
				VALIDATE_PRODUCT = YES;
			};
			name = Release;
		};
		1966676B2B31D0C10075F86E /* Debug */ = {
			isa = XCBuildConfiguration;
			buildSettings = {
				ASSETCATALOG_COMPILER_APPICON_NAME = AppIcon;
				ASSETCATALOG_COMPILER_GLOBAL_ACCENT_COLOR_NAME = AccentColor;
				CODE_SIGN_STYLE = Automatic;
				CURRENT_PROJECT_VERSION = 1;
				DEVELOPMENT_TEAM = 392NZUSY8M;
				GENERATE_INFOPLIST_FILE = YES;
				INFOPLIST_FILE = "MODAV2 UIKit/Info.plist";
				INFOPLIST_KEY_UIApplicationSupportsIndirectInputEvents = YES;
				INFOPLIST_KEY_UILaunchStoryboardName = LaunchScreen;
				INFOPLIST_KEY_UIMainStoryboardFile = Main;
				INFOPLIST_KEY_UISupportedInterfaceOrientations_iPad = "UIInterfaceOrientationPortrait UIInterfaceOrientationPortraitUpsideDown UIInterfaceOrientationLandscapeLeft UIInterfaceOrientationLandscapeRight";
				INFOPLIST_KEY_UISupportedInterfaceOrientations_iPhone = "UIInterfaceOrientationPortrait UIInterfaceOrientationLandscapeLeft UIInterfaceOrientationLandscapeRight";
				LD_RUNPATH_SEARCH_PATHS = (
					"$(inherited)",
					"@executable_path/Frameworks",
				);
				MARKETING_VERSION = 1.0;
				PRODUCT_BUNDLE_IDENTIFIER = "com.eminemini.MODAV2-UIKit";
				PRODUCT_NAME = "$(TARGET_NAME)";
				SWIFT_EMIT_LOC_STRINGS = YES;
				SWIFT_VERSION = 5.0;
				TARGETED_DEVICE_FAMILY = "1,2";
			};
			name = Debug;
		};
		1966676C2B31D0C10075F86E /* Release */ = {
			isa = XCBuildConfiguration;
			buildSettings = {
				ASSETCATALOG_COMPILER_APPICON_NAME = AppIcon;
				ASSETCATALOG_COMPILER_GLOBAL_ACCENT_COLOR_NAME = AccentColor;
				CODE_SIGN_STYLE = Automatic;
				CURRENT_PROJECT_VERSION = 1;
				DEVELOPMENT_TEAM = 392NZUSY8M;
				GENERATE_INFOPLIST_FILE = YES;
				INFOPLIST_FILE = "MODAV2 UIKit/Info.plist";
				INFOPLIST_KEY_UIApplicationSupportsIndirectInputEvents = YES;
				INFOPLIST_KEY_UILaunchStoryboardName = LaunchScreen;
				INFOPLIST_KEY_UIMainStoryboardFile = Main;
				INFOPLIST_KEY_UISupportedInterfaceOrientations_iPad = "UIInterfaceOrientationPortrait UIInterfaceOrientationPortraitUpsideDown UIInterfaceOrientationLandscapeLeft UIInterfaceOrientationLandscapeRight";
				INFOPLIST_KEY_UISupportedInterfaceOrientations_iPhone = "UIInterfaceOrientationPortrait UIInterfaceOrientationLandscapeLeft UIInterfaceOrientationLandscapeRight";
				LD_RUNPATH_SEARCH_PATHS = (
					"$(inherited)",
					"@executable_path/Frameworks",
				);
				MARKETING_VERSION = 1.0;
				PRODUCT_BUNDLE_IDENTIFIER = "com.eminemini.MODAV2-UIKit";
				PRODUCT_NAME = "$(TARGET_NAME)";
				SWIFT_EMIT_LOC_STRINGS = YES;
				SWIFT_VERSION = 5.0;
				TARGETED_DEVICE_FAMILY = "1,2";
			};
			name = Release;
		};
/* End XCBuildConfiguration section */

/* Begin XCConfigurationList section */
		196667512B31D0BF0075F86E /* Build configuration list for PBXProject "MODAV2 UIKit" */ = {
			isa = XCConfigurationList;
			buildConfigurations = (
				196667682B31D0C10075F86E /* Debug */,
				196667692B31D0C10075F86E /* Release */,
			);
			defaultConfigurationIsVisible = 0;
			defaultConfigurationName = Release;
		};
		1966676A2B31D0C10075F86E /* Build configuration list for PBXNativeTarget "MODAV2 UIKit" */ = {
			isa = XCConfigurationList;
			buildConfigurations = (
				1966676B2B31D0C10075F86E /* Debug */,
				1966676C2B31D0C10075F86E /* Release */,
			);
			defaultConfigurationIsVisible = 0;
			defaultConfigurationName = Release;
		};
/* End XCConfigurationList section */
	};
	rootObject = 1966674E2B31D0BF0075F86E /* Project object */;
}
