// !$*UTF8*$!
{
	archiveVersion = 1;
	classes = {
	};
	objectVersion = 56;
	objects = {

/* Begin PBXBuildFile section */
		19CC14CD2B2F7DD700950E54 /* MODAV_SwiftUIApp.swift in Sources */ = {isa = PBXBuildFile; fileRef = 19CC14CC2B2F7DD700950E54 /* MODAV_SwiftUIApp.swift */; };
		19CC14CF2B2F7DD700950E54 /* UserView.swift in Sources */ = {isa = PBXBuildFile; fileRef = 19CC14CE2B2F7DD700950E54 /* UserView.swift */; };
		19CC14D12B2F7DD800950E54 /* Assets.xcassets in Resources */ = {isa = PBXBuildFile; fileRef = 19CC14D02B2F7DD800950E54 /* Assets.xcassets */; };
		19CC14D42B2F7DD800950E54 /* Preview Assets.xcassets in Resources */ = {isa = PBXBuildFile; fileRef = 19CC14D32B2F7DD800950E54 /* Preview Assets.xcassets */; };
		19CC14DB2B2F7E1200950E54 /* UserModelView.swift in Sources */ = {isa = PBXBuildFile; fileRef = 19CC14DA2B2F7E1200950E54 /* UserModelView.swift */; };
		19CC14DD2B2F7E3200950E54 /* UserModel.swift in Sources */ = {isa = PBXBuildFile; fileRef = 19CC14DC2B2F7E3200950E54 /* UserModel.swift */; };
		19CC14DF2B2F7E4200950E54 /* UserOrchestrator.swift in Sources */ = {isa = PBXBuildFile; fileRef = 19CC14DE2B2F7E4200950E54 /* UserOrchestrator.swift */; };
		19CC14E12B2F7E5E00950E54 /* UserDelegate.swift in Sources */ = {isa = PBXBuildFile; fileRef = 19CC14E02B2F7E5E00950E54 /* UserDelegate.swift */; };
		19CC14E32B2F7E7600950E54 /* UserAPIManager.swift in Sources */ = {isa = PBXBuildFile; fileRef = 19CC14E22B2F7E7600950E54 /* UserAPIManager.swift */; };
		19CC14E52B2F7E8600950E54 /* UserAPIRouter.swift in Sources */ = {isa = PBXBuildFile; fileRef = 19CC14E42B2F7E8600950E54 /* UserAPIRouter.swift */; };
		19CC14E72B2F7E9600950E54 /* Config.swift in Sources */ = {isa = PBXBuildFile; fileRef = 19CC14E62B2F7E9600950E54 /* Config.swift */; };
/* End PBXBuildFile section */

/* Begin PBXFileReference section */
		19CC14C92B2F7DD700950E54 /* MODAV SwiftUI.app */ = {isa = PBXFileReference; explicitFileType = wrapper.application; includeInIndex = 0; path = "MODAV SwiftUI.app"; sourceTree = BUILT_PRODUCTS_DIR; };
		19CC14CC2B2F7DD700950E54 /* MODAV_SwiftUIApp.swift */ = {isa = PBXFileReference; lastKnownFileType = sourcecode.swift; path = MODAV_SwiftUIApp.swift; sourceTree = "<group>"; };
		19CC14CE2B2F7DD700950E54 /* UserView.swift */ = {isa = PBXFileReference; lastKnownFileType = sourcecode.swift; path = UserView.swift; sourceTree = "<group>"; };
		19CC14D02B2F7DD800950E54 /* Assets.xcassets */ = {isa = PBXFileReference; lastKnownFileType = folder.assetcatalog; path = Assets.xcassets; sourceTree = "<group>"; };
		19CC14D32B2F7DD800950E54 /* Preview Assets.xcassets */ = {isa = PBXFileReference; lastKnownFileType = folder.assetcatalog; path = "Preview Assets.xcassets"; sourceTree = "<group>"; };
		19CC14DA2B2F7E1200950E54 /* UserModelView.swift */ = {isa = PBXFileReference; lastKnownFileType = sourcecode.swift; path = UserModelView.swift; sourceTree = "<group>"; };
		19CC14DC2B2F7E3200950E54 /* UserModel.swift */ = {isa = PBXFileReference; lastKnownFileType = sourcecode.swift; path = UserModel.swift; sourceTree = "<group>"; };
		19CC14DE2B2F7E4200950E54 /* UserOrchestrator.swift */ = {isa = PBXFileReference; lastKnownFileType = sourcecode.swift; path = UserOrchestrator.swift; sourceTree = "<group>"; };
		19CC14E02B2F7E5E00950E54 /* UserDelegate.swift */ = {isa = PBXFileReference; lastKnownFileType = sourcecode.swift; path = UserDelegate.swift; sourceTree = "<group>"; };
		19CC14E22B2F7E7600950E54 /* UserAPIManager.swift */ = {isa = PBXFileReference; lastKnownFileType = sourcecode.swift; path = UserAPIManager.swift; sourceTree = "<group>"; };
		19CC14E42B2F7E8600950E54 /* UserAPIRouter.swift */ = {isa = PBXFileReference; lastKnownFileType = sourcecode.swift; path = UserAPIRouter.swift; sourceTree = "<group>"; };
		19CC14E62B2F7E9600950E54 /* Config.swift */ = {isa = PBXFileReference; lastKnownFileType = sourcecode.swift; path = Config.swift; sourceTree = "<group>"; };
/* End PBXFileReference section */

/* Begin PBXFrameworksBuildPhase section */
		19CC14C62B2F7DD700950E54 /* Frameworks */ = {
			isa = PBXFrameworksBuildPhase;
			buildActionMask = 2147483647;
			files = (
			);
			runOnlyForDeploymentPostprocessing = 0;
		};
/* End PBXFrameworksBuildPhase section */

/* Begin PBXGroup section */
		19CC14C02B2F7DD700950E54 = {
			isa = PBXGroup;
			children = (
				19CC14CB2B2F7DD700950E54 /* MODAV SwiftUI */,
				19CC14CA2B2F7DD700950E54 /* Products */,
			);
			sourceTree = "<group>";
		};
		19CC14CA2B2F7DD700950E54 /* Products */ = {
			isa = PBXGroup;
			children = (
				19CC14C92B2F7DD700950E54 /* MODAV SwiftUI.app */,
			);
			name = Products;
			sourceTree = "<group>";
		};
		19CC14CB2B2F7DD700950E54 /* MODAV SwiftUI */ = {
			isa = PBXGroup;
			children = (
				19CC14CC2B2F7DD700950E54 /* MODAV_SwiftUIApp.swift */,
				19CC14E62B2F7E9600950E54 /* Config.swift */,
				19CC14EB2B2F7EC600950E54 /* Model */,
				19CC14EA2B2F7EB900950E54 /* Orchestrator */,
				19CC14E92B2F7EAC00950E54 /* Delegate */,
				19CC14E82B2F7EA000950E54 /* API (Adapter) */,
				19CC14EC2B2F7ECC00950E54 /* View */,
				19CC14D02B2F7DD800950E54 /* Assets.xcassets */,
				19CC14D22B2F7DD800950E54 /* Preview Content */,
			);
			path = "MODAV SwiftUI";
			sourceTree = "<group>";
		};
		19CC14D22B2F7DD800950E54 /* Preview Content */ = {
			isa = PBXGroup;
			children = (
				19CC14D32B2F7DD800950E54 /* Preview Assets.xcassets */,
			);
			path = "Preview Content";
			sourceTree = "<group>";
		};
		19CC14E82B2F7EA000950E54 /* API (Adapter) */ = {
			isa = PBXGroup;
			children = (
				19CC14E22B2F7E7600950E54 /* UserAPIManager.swift */,
				19CC14E42B2F7E8600950E54 /* UserAPIRouter.swift */,
			);
			path = "API (Adapter)";
			sourceTree = "<group>";
		};
		19CC14E92B2F7EAC00950E54 /* Delegate */ = {
			isa = PBXGroup;
			children = (
				19CC14E02B2F7E5E00950E54 /* UserDelegate.swift */,
			);
			path = Delegate;
			sourceTree = "<group>";
		};
		19CC14EA2B2F7EB900950E54 /* Orchestrator */ = {
			isa = PBXGroup;
			children = (
				19CC14DE2B2F7E4200950E54 /* UserOrchestrator.swift */,
			);
			path = Orchestrator;
			sourceTree = "<group>";
		};
		19CC14EB2B2F7EC600950E54 /* Model */ = {
			isa = PBXGroup;
			children = (
				19CC14DC2B2F7E3200950E54 /* UserModel.swift */,
			);
			path = Model;
			sourceTree = "<group>";
		};
		19CC14EC2B2F7ECC00950E54 /* View */ = {
			isa = PBXGroup;
			children = (
				19CC14CE2B2F7DD700950E54 /* UserView.swift */,
				19CC14DA2B2F7E1200950E54 /* UserModelView.swift */,
			);
			path = View;
			sourceTree = "<group>";
		};
/* End PBXGroup section */

/* Begin PBXNativeTarget section */
		19CC14C82B2F7DD700950E54 /* MODAV SwiftUI */ = {
			isa = PBXNativeTarget;
			buildConfigurationList = 19CC14D72B2F7DD800950E54 /* Build configuration list for PBXNativeTarget "MODAV SwiftUI" */;
			buildPhases = (
				19CC14C52B2F7DD700950E54 /* Sources */,
				19CC14C62B2F7DD700950E54 /* Frameworks */,
				19CC14C72B2F7DD700950E54 /* Resources */,
			);
			buildRules = (
			);
			dependencies = (
			);
			name = "MODAV SwiftUI";
			productName = "MODAV SwiftUI";
			productReference = 19CC14C92B2F7DD700950E54 /* MODAV SwiftUI.app */;
			productType = "com.apple.product-type.application";
		};
/* End PBXNativeTarget section */

/* Begin PBXProject section */
		19CC14C12B2F7DD700950E54 /* Project object */ = {
			isa = PBXProject;
			attributes = {
				BuildIndependentTargetsInParallel = 1;
				LastSwiftUpdateCheck = 1500;
				LastUpgradeCheck = 1500;
				TargetAttributes = {
					19CC14C82B2F7DD700950E54 = {
						CreatedOnToolsVersion = 15.0.1;
					};
				};
			};
			buildConfigurationList = 19CC14C42B2F7DD700950E54 /* Build configuration list for PBXProject "MODAV SwiftUI" */;
			compatibilityVersion = "Xcode 14.0";
			developmentRegion = en;
			hasScannedForEncodings = 0;
			knownRegions = (
				en,
				Base,
			);
			mainGroup = 19CC14C02B2F7DD700950E54;
			productRefGroup = 19CC14CA2B2F7DD700950E54 /* Products */;
			projectDirPath = "";
			projectRoot = "";
			targets = (
				19CC14C82B2F7DD700950E54 /* MODAV SwiftUI */,
			);
		};
/* End PBXProject section */

/* Begin PBXResourcesBuildPhase section */
		19CC14C72B2F7DD700950E54 /* Resources */ = {
			isa = PBXResourcesBuildPhase;
			buildActionMask = 2147483647;
			files = (
				19CC14D42B2F7DD800950E54 /* Preview Assets.xcassets in Resources */,
				19CC14D12B2F7DD800950E54 /* Assets.xcassets in Resources */,
			);
			runOnlyForDeploymentPostprocessing = 0;
		};
/* End PBXResourcesBuildPhase section */

/* Begin PBXSourcesBuildPhase section */
		19CC14C52B2F7DD700950E54 /* Sources */ = {
			isa = PBXSourcesBuildPhase;
			buildActionMask = 2147483647;
			files = (
				19CC14E52B2F7E8600950E54 /* UserAPIRouter.swift in Sources */,
				19CC14DB2B2F7E1200950E54 /* UserModelView.swift in Sources */,
				19CC14E72B2F7E9600950E54 /* Config.swift in Sources */,
				19CC14CF2B2F7DD700950E54 /* UserView.swift in Sources */,
				19CC14E32B2F7E7600950E54 /* UserAPIManager.swift in Sources */,
				19CC14DD2B2F7E3200950E54 /* UserModel.swift in Sources */,
				19CC14E12B2F7E5E00950E54 /* UserDelegate.swift in Sources */,
				19CC14CD2B2F7DD700950E54 /* MODAV_SwiftUIApp.swift in Sources */,
				19CC14DF2B2F7E4200950E54 /* UserOrchestrator.swift in Sources */,
			);
			runOnlyForDeploymentPostprocessing = 0;
		};
/* End PBXSourcesBuildPhase section */

/* Begin XCBuildConfiguration section */
		19CC14D52B2F7DD800950E54 /* Debug */ = {
			isa = XCBuildConfiguration;
			buildSettings = {
				ALWAYS_SEARCH_USER_PATHS = NO;
				ASSETCATALOG_COMPILER_GENERATE_SWIFT_ASSET_SYMBOL_EXTENSIONS = YES;
				CLANG_ANALYZER_NONNULL = YES;
				CLANG_ANALYZER_NUMBER_OBJECT_CONVERSION = YES_AGGRESSIVE;
				CLANG_CXX_LANGUAGE_STANDARD = "gnu++20";
				CLANG_ENABLE_MODULES = YES;
				CLANG_ENABLE_OBJC_ARC = YES;
				CLANG_ENABLE_OBJC_WEAK = YES;
				CLANG_WARN_BLOCK_CAPTURE_AUTORELEASING = YES;
				CLANG_WARN_BOOL_CONVERSION = YES;
				CLANG_WARN_COMMA = YES;
				CLANG_WARN_CONSTANT_CONVERSION = YES;
				CLANG_WARN_DEPRECATED_OBJC_IMPLEMENTATIONS = YES;
				CLANG_WARN_DIRECT_OBJC_ISA_USAGE = YES_ERROR;
				CLANG_WARN_DOCUMENTATION_COMMENTS = YES;
				CLANG_WARN_EMPTY_BODY = YES;
				CLANG_WARN_ENUM_CONVERSION = YES;
				CLANG_WARN_INFINITE_RECURSION = YES;
				CLANG_WARN_INT_CONVERSION = YES;
				CLANG_WARN_NON_LITERAL_NULL_CONVERSION = YES;
				CLANG_WARN_OBJC_IMPLICIT_RETAIN_SELF = YES;
				CLANG_WARN_OBJC_LITERAL_CONVERSION = YES;
				CLANG_WARN_OBJC_ROOT_CLASS = YES_ERROR;
				CLANG_WARN_QUOTED_INCLUDE_IN_FRAMEWORK_HEADER = YES;
				CLANG_WARN_RANGE_LOOP_ANALYSIS = YES;
				CLANG_WARN_STRICT_PROTOTYPES = YES;
				CLANG_WARN_SUSPICIOUS_MOVE = YES;
				CLANG_WARN_UNGUARDED_AVAILABILITY = YES_AGGRESSIVE;
				CLANG_WARN_UNREACHABLE_CODE = YES;
				CLANG_WARN__DUPLICATE_METHOD_MATCH = YES;
				COPY_PHASE_STRIP = NO;
				DEBUG_INFORMATION_FORMAT = dwarf;
				ENABLE_STRICT_OBJC_MSGSEND = YES;
				ENABLE_TESTABILITY = YES;
				ENABLE_USER_SCRIPT_SANDBOXING = YES;
				GCC_C_LANGUAGE_STANDARD = gnu17;
				GCC_DYNAMIC_NO_PIC = NO;
				GCC_NO_COMMON_BLOCKS = YES;
				GCC_OPTIMIZATION_LEVEL = 0;
				GCC_PREPROCESSOR_DEFINITIONS = (
					"DEBUG=1",
					"$(inherited)",
				);
				GCC_WARN_64_TO_32_BIT_CONVERSION = YES;
				GCC_WARN_ABOUT_RETURN_TYPE = YES_ERROR;
				GCC_WARN_UNDECLARED_SELECTOR = YES;
				GCC_WARN_UNINITIALIZED_AUTOS = YES_AGGRESSIVE;
				GCC_WARN_UNUSED_FUNCTION = YES;
				GCC_WARN_UNUSED_VARIABLE = YES;
				IPHONEOS_DEPLOYMENT_TARGET = 17.0;
				LOCALIZATION_PREFERS_STRING_CATALOGS = YES;
				MTL_ENABLE_DEBUG_INFO = INCLUDE_SOURCE;
				MTL_FAST_MATH = YES;
				ONLY_ACTIVE_ARCH = YES;
				SDKROOT = iphoneos;
				SWIFT_ACTIVE_COMPILATION_CONDITIONS = "DEBUG $(inherited)";
				SWIFT_OPTIMIZATION_LEVEL = "-Onone";
			};
			name = Debug;
		};
		19CC14D62B2F7DD800950E54 /* Release */ = {
			isa = XCBuildConfiguration;
			buildSettings = {
				ALWAYS_SEARCH_USER_PATHS = NO;
				ASSETCATALOG_COMPILER_GENERATE_SWIFT_ASSET_SYMBOL_EXTENSIONS = YES;
				CLANG_ANALYZER_NONNULL = YES;
				CLANG_ANALYZER_NUMBER_OBJECT_CONVERSION = YES_AGGRESSIVE;
				CLANG_CXX_LANGUAGE_STANDARD = "gnu++20";
				CLANG_ENABLE_MODULES = YES;
				CLANG_ENABLE_OBJC_ARC = YES;
				CLANG_ENABLE_OBJC_WEAK = YES;
				CLANG_WARN_BLOCK_CAPTURE_AUTORELEASING = YES;
				CLANG_WARN_BOOL_CONVERSION = YES;
				CLANG_WARN_COMMA = YES;
				CLANG_WARN_CONSTANT_CONVERSION = YES;
				CLANG_WARN_DEPRECATED_OBJC_IMPLEMENTATIONS = YES;
				CLANG_WARN_DIRECT_OBJC_ISA_USAGE = YES_ERROR;
				CLANG_WARN_DOCUMENTATION_COMMENTS = YES;
				CLANG_WARN_EMPTY_BODY = YES;
				CLANG_WARN_ENUM_CONVERSION = YES;
				CLANG_WARN_INFINITE_RECURSION = YES;
				CLANG_WARN_INT_CONVERSION = YES;
				CLANG_WARN_NON_LITERAL_NULL_CONVERSION = YES;
				CLANG_WARN_OBJC_IMPLICIT_RETAIN_SELF = YES;
				CLANG_WARN_OBJC_LITERAL_CONVERSION = YES;
				CLANG_WARN_OBJC_ROOT_CLASS = YES_ERROR;
				CLANG_WARN_QUOTED_INCLUDE_IN_FRAMEWORK_HEADER = YES;
				CLANG_WARN_RANGE_LOOP_ANALYSIS = YES;
				CLANG_WARN_STRICT_PROTOTYPES = YES;
				CLANG_WARN_SUSPICIOUS_MOVE = YES;
				CLANG_WARN_UNGUARDED_AVAILABILITY = YES_AGGRESSIVE;
				CLANG_WARN_UNREACHABLE_CODE = YES;
				CLANG_WARN__DUPLICATE_METHOD_MATCH = YES;
				COPY_PHASE_STRIP = NO;
				DEBUG_INFORMATION_FORMAT = "dwarf-with-dsym";
				ENABLE_NS_ASSERTIONS = NO;
				ENABLE_STRICT_OBJC_MSGSEND = YES;
				ENABLE_USER_SCRIPT_SANDBOXING = YES;
				GCC_C_LANGUAGE_STANDARD = gnu17;
				GCC_NO_COMMON_BLOCKS = YES;
				GCC_WARN_64_TO_32_BIT_CONVERSION = YES;
				GCC_WARN_ABOUT_RETURN_TYPE = YES_ERROR;
				GCC_WARN_UNDECLARED_SELECTOR = YES;
				GCC_WARN_UNINITIALIZED_AUTOS = YES_AGGRESSIVE;
				GCC_WARN_UNUSED_FUNCTION = YES;
				GCC_WARN_UNUSED_VARIABLE = YES;
				IPHONEOS_DEPLOYMENT_TARGET = 17.0;
				LOCALIZATION_PREFERS_STRING_CATALOGS = YES;
				MTL_ENABLE_DEBUG_INFO = NO;
				MTL_FAST_MATH = YES;
				SDKROOT = iphoneos;
				SWIFT_COMPILATION_MODE = wholemodule;
				VALIDATE_PRODUCT = YES;
			};
			name = Release;
		};
		19CC14D82B2F7DD800950E54 /* Debug */ = {
			isa = XCBuildConfiguration;
			buildSettings = {
				ASSETCATALOG_COMPILER_APPICON_NAME = AppIcon;
				ASSETCATALOG_COMPILER_GLOBAL_ACCENT_COLOR_NAME = AccentColor;
				CODE_SIGN_STYLE = Automatic;
				CURRENT_PROJECT_VERSION = 1;
				DEVELOPMENT_ASSET_PATHS = "\"MODAV SwiftUI/Preview Content\"";
				DEVELOPMENT_TEAM = 392NZUSY8M;
				ENABLE_PREVIEWS = YES;
				GENERATE_INFOPLIST_FILE = YES;
				INFOPLIST_KEY_UIApplicationSceneManifest_Generation = YES;
				INFOPLIST_KEY_UIApplicationSupportsIndirectInputEvents = YES;
				INFOPLIST_KEY_UILaunchScreen_Generation = YES;
				INFOPLIST_KEY_UISupportedInterfaceOrientations_iPad = "UIInterfaceOrientationPortrait UIInterfaceOrientationPortraitUpsideDown UIInterfaceOrientationLandscapeLeft UIInterfaceOrientationLandscapeRight";
				INFOPLIST_KEY_UISupportedInterfaceOrientations_iPhone = "UIInterfaceOrientationPortrait UIInterfaceOrientationLandscapeLeft UIInterfaceOrientationLandscapeRight";
				LD_RUNPATH_SEARCH_PATHS = (
					"$(inherited)",
					"@executable_path/Frameworks",
				);
				MARKETING_VERSION = 1.0;
				PRODUCT_BUNDLE_IDENTIFIER = "com.eminemini.MODAV-SwiftUI";
				PRODUCT_NAME = "$(TARGET_NAME)";
				SWIFT_EMIT_LOC_STRINGS = YES;
				SWIFT_VERSION = 5.0;
				TARGETED_DEVICE_FAMILY = "1,2";
			};
			name = Debug;
		};
		19CC14D92B2F7DD800950E54 /* Release */ = {
			isa = XCBuildConfiguration;
			buildSettings = {
				ASSETCATALOG_COMPILER_APPICON_NAME = AppIcon;
				ASSETCATALOG_COMPILER_GLOBAL_ACCENT_COLOR_NAME = AccentColor;
				CODE_SIGN_STYLE = Automatic;
				CURRENT_PROJECT_VERSION = 1;
				DEVELOPMENT_ASSET_PATHS = "\"MODAV SwiftUI/Preview Content\"";
				DEVELOPMENT_TEAM = 392NZUSY8M;
				ENABLE_PREVIEWS = YES;
				GENERATE_INFOPLIST_FILE = YES;
				INFOPLIST_KEY_UIApplicationSceneManifest_Generation = YES;
				INFOPLIST_KEY_UIApplicationSupportsIndirectInputEvents = YES;
				INFOPLIST_KEY_UILaunchScreen_Generation = YES;
				INFOPLIST_KEY_UISupportedInterfaceOrientations_iPad = "UIInterfaceOrientationPortrait UIInterfaceOrientationPortraitUpsideDown UIInterfaceOrientationLandscapeLeft UIInterfaceOrientationLandscapeRight";
				INFOPLIST_KEY_UISupportedInterfaceOrientations_iPhone = "UIInterfaceOrientationPortrait UIInterfaceOrientationLandscapeLeft UIInterfaceOrientationLandscapeRight";
				LD_RUNPATH_SEARCH_PATHS = (
					"$(inherited)",
					"@executable_path/Frameworks",
				);
				MARKETING_VERSION = 1.0;
				PRODUCT_BUNDLE_IDENTIFIER = "com.eminemini.MODAV-SwiftUI";
				PRODUCT_NAME = "$(TARGET_NAME)";
				SWIFT_EMIT_LOC_STRINGS = YES;
				SWIFT_VERSION = 5.0;
				TARGETED_DEVICE_FAMILY = "1,2";
			};
			name = Release;
		};
/* End XCBuildConfiguration section */

/* Begin XCConfigurationList section */
		19CC14C42B2F7DD700950E54 /* Build configuration list for PBXProject "MODAV SwiftUI" */ = {
			isa = XCConfigurationList;
			buildConfigurations = (
				19CC14D52B2F7DD800950E54 /* Debug */,
				19CC14D62B2F7DD800950E54 /* Release */,
			);
			defaultConfigurationIsVisible = 0;
			defaultConfigurationName = Release;
		};
		19CC14D72B2F7DD800950E54 /* Build configuration list for PBXNativeTarget "MODAV SwiftUI" */ = {
			isa = XCConfigurationList;
			buildConfigurations = (
				19CC14D82B2F7DD800950E54 /* Debug */,
				19CC14D92B2F7DD800950E54 /* Release */,
			);
			defaultConfigurationIsVisible = 0;
			defaultConfigurationName = Release;
		};
/* End XCConfigurationList section */
	};
	rootObject = 19CC14C12B2F7DD700950E54 /* Project object */;
}
